STATICROCKET_URL=https://gitlab.freedesktop.org/StaticRocket/mesa.git
STATICROCKET_BRANCH=powervr/24.0.1
STATICROCKET_COMMIT=7c82c1eebc67f5a62a347a84d42fe795cf7f523b
MESA_UPSTREAM_URL=https://gitlab.freedesktop.org/mesa/mesa.git
MESA_UPSTREAM_TAG=mesa-24.0.5
MESA_UPSTREAM_COMMIT=66c22da0261e4f7d5a34b23f2e822100afc92534
T3_MERGED_TREE=a964c3a453f0be502b306a0cad5fcf4dd969799f
PACKAGE_VERSION=24.0.5+staticrocket.pvr3

