STATICROCKET_URL=https://gitlab.freedesktop.org/StaticRocket/mesa.git
STATICROCKET_BRANCH=powervr/24.0.1
STATICROCKET_COMMIT=7c82c1eebc67f5a62a347a84d42fe795cf7f523b
MESA_UPSTREAM_URL=https://gitlab.freedesktop.org/mesa/mesa.git
MESA_UPSTREAM_TAG=mesa-24.0.5
T3_VALIDATED_TREE_SHORT=31d7c27a80
PACKAGE_VERSION=24.0.5+staticrocket.pvr3

